// !$*UTF8*$!
{
	archiveVersion = 1;
	classes = {
	};
	objectVersion = 50;
	objects = {

/* Begin PBXBuildFile section */
		614700FE24E6B45E00C58F7A /* AppDelegate.swift in Sources */ = {isa = PBXBuildFile; fileRef = 614700FD24E6B45E00C58F7A /* AppDelegate.swift */; };
		6147010024E6B45E00C58F7A /* SceneDelegate.swift in Sources */ = {isa = PBXBuildFile; fileRef = 614700FF24E6B45E00C58F7A /* SceneDelegate.swift */; };
		6147010224E6B45E00C58F7A /* ViewController.swift in Sources */ = {isa = PBXBuildFile; fileRef = 6147010124E6B45E00C58F7A /* ViewController.swift */; };
		6147010524E6B45E00C58F7A /* Main.storyboard in Resources */ = {isa = PBXBuildFile; fileRef = 6147010324E6B45E00C58F7A /* Main.storyboard */; };
		6147010724E6B46000C58F7A /* Assets.xcassets in Resources */ = {isa = PBXBuildFile; fileRef = 6147010624E6B46000C58F7A /* Assets.xcassets */; };
		6147010A24E6B46000C58F7A /* LaunchScreen.storyboard in Resources */ = {isa = PBXBuildFile; fileRef = 6147010824E6B46000C58F7A /* LaunchScreen.storyboard */; };
		6147011524E6B46100C58F7A /* BDDFrameworkTutorielTests.swift in Sources */ = {isa = PBXBuildFile; fileRef = 6147011424E6B46100C58F7A /* BDDFrameworkTutorielTests.swift */; };
		6147012024E6B46100C58F7A /* BDDFrameworkTutorielUITests.swift in Sources */ = {isa = PBXBuildFile; fileRef = 6147011F24E6B46100C58F7A /* BDDFrameworkTutorielUITests.swift */; };
		6147012E24E6B4A100C58F7A /* Player.swift in Sources */ = {isa = PBXBuildFile; fileRef = 6147012D24E6B4A100C58F7A /* Player.swift */; };
		6147013024E6B4C600C58F7A /* PlayerUpgrader.swift in Sources */ = {isa = PBXBuildFile; fileRef = 6147012F24E6B4C600C58F7A /* PlayerUpgrader.swift */; };
		8A36D7FABAD7F324A364F86A /* Pods_BDDFrameworkTutoriel.framework in Frameworks */ = {isa = PBXBuildFile; fileRef = 001EFA86CF1FF1EBD82204E8 /* Pods_BDDFrameworkTutoriel.framework */; };
		96FD571FBA25C9C30B4AB020 /* Pods_BDDFrameworkTutorielTests.framework in Frameworks */ = {isa = PBXBuildFile; fileRef = BC8D87C516861AEA5F409FAD /* Pods_BDDFrameworkTutorielTests.framework */; };
		F8D2BB3E08423156C8D91789 /* Pods_BDDFrameworkTutoriel_BDDFrameworkTutorielUITests.framework in Frameworks */ = {isa = PBXBuildFile; fileRef = C5DBE4DDBB454BDA9CE341FF /* Pods_BDDFrameworkTutoriel_BDDFrameworkTutorielUITests.framework */; };
/* End PBXBuildFile section */

/* Begin PBXContainerItemProxy section */
		6147011124E6B46100C58F7A /* PBXContainerItemProxy */ = {
			isa = PBXContainerItemProxy;
			containerPortal = 614700F224E6B45E00C58F7A /* Project object */;
			proxyType = 1;
			remoteGlobalIDString = 614700F924E6B45E00C58F7A;
			remoteInfo = BDDFrameworkTutoriel;
		};
		6147011C24E6B46100C58F7A /* PBXContainerItemProxy */ = {
			isa = PBXContainerItemProxy;
			containerPortal = 614700F224E6B45E00C58F7A /* Project object */;
			proxyType = 1;
			remoteGlobalIDString = 614700F924E6B45E00C58F7A;
			remoteInfo = BDDFrameworkTutoriel;
		};
/* End PBXContainerItemProxy section */

/* Begin PBXFileReference section */
		001EFA86CF1FF1EBD82204E8 /* Pods_BDDFrameworkTutoriel.framework */ = {isa = PBXFileReference; explicitFileType = wrapper.framework; includeInIndex = 0; path = Pods_BDDFrameworkTutoriel.framework; sourceTree = BUILT_PRODUCTS_DIR; };
		3B0FE66786F3B8C7C81D1C68 /* Pods-BDDFrameworkTutoriel-BDDFrameworkTutorielUITests.debug.xcconfig */ = {isa = PBXFileReference; includeInIndex = 1; lastKnownFileType = text.xcconfig; name = "Pods-BDDFrameworkTutoriel-BDDFrameworkTutorielUITests.debug.xcconfig"; path = "Target Support Files/Pods-BDDFrameworkTutoriel-BDDFrameworkTutorielUITests/Pods-BDDFrameworkTutoriel-BDDFrameworkTutorielUITests.debug.xcconfig"; sourceTree = "<group>"; };
		614700FA24E6B45E00C58F7A /* BDDFrameworkTutoriel.app */ = {isa = PBXFileReference; explicitFileType = wrapper.application; includeInIndex = 0; path = BDDFrameworkTutoriel.app; sourceTree = BUILT_PRODUCTS_DIR; };
		614700FD24E6B45E00C58F7A /* AppDelegate.swift */ = {isa = PBXFileReference; lastKnownFileType = sourcecode.swift; path = AppDelegate.swift; sourceTree = "<group>"; };
		614700FF24E6B45E00C58F7A /* SceneDelegate.swift */ = {isa = PBXFileReference; lastKnownFileType = sourcecode.swift; path = SceneDelegate.swift; sourceTree = "<group>"; };
		6147010124E6B45E00C58F7A /* ViewController.swift */ = {isa = PBXFileReference; lastKnownFileType = sourcecode.swift; path = ViewController.swift; sourceTree = "<group>"; };
		6147010424E6B45E00C58F7A /* Base */ = {isa = PBXFileReference; lastKnownFileType = file.storyboard; name = Base; path = Base.lproj/Main.storyboard; sourceTree = "<group>"; };
		6147010624E6B46000C58F7A /* Assets.xcassets */ = {isa = PBXFileReference; lastKnownFileType = folder.assetcatalog; path = Assets.xcassets; sourceTree = "<group>"; };
		6147010924E6B46000C58F7A /* Base */ = {isa = PBXFileReference; lastKnownFileType = file.storyboard; name = Base; path = Base.lproj/LaunchScreen.storyboard; sourceTree = "<group>"; };
		6147010B24E6B46000C58F7A /* Info.plist */ = {isa = PBXFileReference; lastKnownFileType = text.plist.xml; path = Info.plist; sourceTree = "<group>"; };
		6147011024E6B46100C58F7A /* BDDFrameworkTutorielTests.xctest */ = {isa = PBXFileReference; explicitFileType = wrapper.cfbundle; includeInIndex = 0; path = BDDFrameworkTutorielTests.xctest; sourceTree = BUILT_PRODUCTS_DIR; };
		6147011424E6B46100C58F7A /* BDDFrameworkTutorielTests.swift */ = {isa = PBXFileReference; lastKnownFileType = sourcecode.swift; path = BDDFrameworkTutorielTests.swift; sourceTree = "<group>"; };
		6147011624E6B46100C58F7A /* Info.plist */ = {isa = PBXFileReference; lastKnownFileType = text.plist.xml; path = Info.plist; sourceTree = "<group>"; };
		6147011B24E6B46100C58F7A /* BDDFrameworkTutorielUITests.xctest */ = {isa = PBXFileReference; explicitFileType = wrapper.cfbundle; includeInIndex = 0; path = BDDFrameworkTutorielUITests.xctest; sourceTree = BUILT_PRODUCTS_DIR; };
		6147011F24E6B46100C58F7A /* BDDFrameworkTutorielUITests.swift */ = {isa = PBXFileReference; lastKnownFileType = sourcecode.swift; path = BDDFrameworkTutorielUITests.swift; sourceTree = "<group>"; };
		6147012124E6B46100C58F7A /* Info.plist */ = {isa = PBXFileReference; lastKnownFileType = text.plist.xml; path = Info.plist; sourceTree = "<group>"; };
		6147012D24E6B4A100C58F7A /* Player.swift */ = {isa = PBXFileReference; lastKnownFileType = sourcecode.swift; path = Player.swift; sourceTree = "<group>"; };
		6147012F24E6B4C600C58F7A /* PlayerUpgrader.swift */ = {isa = PBXFileReference; lastKnownFileType = sourcecode.swift; path = PlayerUpgrader.swift; sourceTree = "<group>"; };
		6505688DB62681CF99C2D282 /* Pods-BDDFrameworkTutorielTests.release.xcconfig */ = {isa = PBXFileReference; includeInIndex = 1; lastKnownFileType = text.xcconfig; name = "Pods-BDDFrameworkTutorielTests.release.xcconfig"; path = "Target Support Files/Pods-BDDFrameworkTutorielTests/Pods-BDDFrameworkTutorielTests.release.xcconfig"; sourceTree = "<group>"; };
		9DAE9B851A18FA6279F6EA23 /* Pods-BDDFrameworkTutoriel.debug.xcconfig */ = {isa = PBXFileReference; includeInIndex = 1; lastKnownFileType = text.xcconfig; name = "Pods-BDDFrameworkTutoriel.debug.xcconfig"; path = "Target Support Files/Pods-BDDFrameworkTutoriel/Pods-BDDFrameworkTutoriel.debug.xcconfig"; sourceTree = "<group>"; };
		A91F5A7D2EC18E7D43E9E998 /* Pods-BDDFrameworkTutoriel-BDDFrameworkTutorielUITests.release.xcconfig */ = {isa = PBXFileReference; includeInIndex = 1; lastKnownFileType = text.xcconfig; name = "Pods-BDDFrameworkTutoriel-BDDFrameworkTutorielUITests.release.xcconfig"; path = "Target Support Files/Pods-BDDFrameworkTutoriel-BDDFrameworkTutorielUITests/Pods-BDDFrameworkTutoriel-BDDFrameworkTutorielUITests.release.xcconfig"; sourceTree = "<group>"; };
		BC8D87C516861AEA5F409FAD /* Pods_BDDFrameworkTutorielTests.framework */ = {isa = PBXFileReference; explicitFileType = wrapper.framework; includeInIndex = 0; path = Pods_BDDFrameworkTutorielTests.framework; sourceTree = BUILT_PRODUCTS_DIR; };
		BE89160BD64E6E0F372FF433 /* Pods-BDDFrameworkTutoriel.release.xcconfig */ = {isa = PBXFileReference; includeInIndex = 1; lastKnownFileType = text.xcconfig; name = "Pods-BDDFrameworkTutoriel.release.xcconfig"; path = "Target Support Files/Pods-BDDFrameworkTutoriel/Pods-BDDFrameworkTutoriel.release.xcconfig"; sourceTree = "<group>"; };
		C5DBE4DDBB454BDA9CE341FF /* Pods_BDDFrameworkTutoriel_BDDFrameworkTutorielUITests.framework */ = {isa = PBXFileReference; explicitFileType = wrapper.framework; includeInIndex = 0; path = Pods_BDDFrameworkTutoriel_BDDFrameworkTutorielUITests.framework; sourceTree = BUILT_PRODUCTS_DIR; };
		F707E9439F6976C8AEA637AE /* Pods-BDDFrameworkTutorielTests.debug.xcconfig */ = {isa = PBXFileReference; includeInIndex = 1; lastKnownFileType = text.xcconfig; name = "Pods-BDDFrameworkTutorielTests.debug.xcconfig"; path = "Target Support Files/Pods-BDDFrameworkTutorielTests/Pods-BDDFrameworkTutorielTests.debug.xcconfig"; sourceTree = "<group>"; };
/* End PBXFileReference section */

/* Begin PBXFrameworksBuildPhase section */
		614700F724E6B45E00C58F7A /* Frameworks */ = {
			isa = PBXFrameworksBuildPhase;
			buildActionMask = 2147483647;
			files = (
				8A36D7FABAD7F324A364F86A /* Pods_BDDFrameworkTutoriel.framework in Frameworks */,
			);
			runOnlyForDeploymentPostprocessing = 0;
		};
		6147010D24E6B46100C58F7A /* Frameworks */ = {
			isa = PBXFrameworksBuildPhase;
			buildActionMask = 2147483647;
			files = (
				96FD571FBA25C9C30B4AB020 /* Pods_BDDFrameworkTutorielTests.framework in Frameworks */,
			);
			runOnlyForDeploymentPostprocessing = 0;
		};
		6147011824E6B46100C58F7A /* Frameworks */ = {
			isa = PBXFrameworksBuildPhase;
			buildActionMask = 2147483647;
			files = (
				F8D2BB3E08423156C8D91789 /* Pods_BDDFrameworkTutoriel_BDDFrameworkTutorielUITests.framework in Frameworks */,
			);
			runOnlyForDeploymentPostprocessing = 0;
		};
/* End PBXFrameworksBuildPhase section */

/* Begin PBXGroup section */
		614700F124E6B45E00C58F7A = {
			isa = PBXGroup;
			children = (
				614700FC24E6B45E00C58F7A /* BDDFrameworkTutoriel */,
				6147011324E6B46100C58F7A /* BDDFrameworkTutorielTests */,
				6147011E24E6B46100C58F7A /* BDDFrameworkTutorielUITests */,
				614700FB24E6B45E00C58F7A /* Products */,
				CAA150CA37FBED50AA984D84 /* Pods */,
				88478667995AC1DE132E4BF9 /* Frameworks */,
			);
			sourceTree = "<group>";
		};
		614700FB24E6B45E00C58F7A /* Products */ = {
			isa = PBXGroup;
			children = (
				614700FA24E6B45E00C58F7A /* BDDFrameworkTutoriel.app */,
				6147011024E6B46100C58F7A /* BDDFrameworkTutorielTests.xctest */,
				6147011B24E6B46100C58F7A /* BDDFrameworkTutorielUITests.xctest */,
			);
			name = Products;
			sourceTree = "<group>";
		};
		614700FC24E6B45E00C58F7A /* BDDFrameworkTutoriel */ = {
			isa = PBXGroup;
			children = (
				614700FD24E6B45E00C58F7A /* AppDelegate.swift */,
				614700FF24E6B45E00C58F7A /* SceneDelegate.swift */,
				6147012D24E6B4A100C58F7A /* Player.swift */,
				6147012F24E6B4C600C58F7A /* PlayerUpgrader.swift */,
				6147010124E6B45E00C58F7A /* ViewController.swift */,
				6147010324E6B45E00C58F7A /* Main.storyboard */,
				6147010624E6B46000C58F7A /* Assets.xcassets */,
				6147010824E6B46000C58F7A /* LaunchScreen.storyboard */,
				6147010B24E6B46000C58F7A /* Info.plist */,
			);
			path = BDDFrameworkTutoriel;
			sourceTree = "<group>";
		};
		6147011324E6B46100C58F7A /* BDDFrameworkTutorielTests */ = {
			isa = PBXGroup;
			children = (
				6147011424E6B46100C58F7A /* BDDFrameworkTutorielTests.swift */,
				6147011624E6B46100C58F7A /* Info.plist */,
			);
			path = BDDFrameworkTutorielTests;
			sourceTree = "<group>";
		};
		6147011E24E6B46100C58F7A /* BDDFrameworkTutorielUITests */ = {
			isa = PBXGroup;
			children = (
				6147011F24E6B46100C58F7A /* BDDFrameworkTutorielUITests.swift */,
				6147012124E6B46100C58F7A /* Info.plist */,
			);
			path = BDDFrameworkTutorielUITests;
			sourceTree = "<group>";
		};
		88478667995AC1DE132E4BF9 /* Frameworks */ = {
			isa = PBXGroup;
			children = (
				001EFA86CF1FF1EBD82204E8 /* Pods_BDDFrameworkTutoriel.framework */,
				C5DBE4DDBB454BDA9CE341FF /* Pods_BDDFrameworkTutoriel_BDDFrameworkTutorielUITests.framework */,
				BC8D87C516861AEA5F409FAD /* Pods_BDDFrameworkTutorielTests.framework */,
			);
			name = Frameworks;
			sourceTree = "<group>";
		};
		CAA150CA37FBED50AA984D84 /* Pods */ = {
			isa = PBXGroup;
			children = (
				9DAE9B851A18FA6279F6EA23 /* Pods-BDDFrameworkTutoriel.debug.xcconfig */,
				BE89160BD64E6E0F372FF433 /* Pods-BDDFrameworkTutoriel.release.xcconfig */,
				3B0FE66786F3B8C7C81D1C68 /* Pods-BDDFrameworkTutoriel-BDDFrameworkTutorielUITests.debug.xcconfig */,
				A91F5A7D2EC18E7D43E9E998 /* Pods-BDDFrameworkTutoriel-BDDFrameworkTutorielUITests.release.xcconfig */,
				F707E9439F6976C8AEA637AE /* Pods-BDDFrameworkTutorielTests.debug.xcconfig */,
				6505688DB62681CF99C2D282 /* Pods-BDDFrameworkTutorielTests.release.xcconfig */,
			);
			name = Pods;
			path = Pods;
			sourceTree = "<group>";
		};
/* End PBXGroup section */

/* Begin PBXNativeTarget section */
		614700F924E6B45E00C58F7A /* BDDFrameworkTutoriel */ = {
			isa = PBXNativeTarget;
			buildConfigurationList = 6147012424E6B46100C58F7A /* Build configuration list for PBXNativeTarget "BDDFrameworkTutoriel" */;
			buildPhases = (
				8F9FF9DF445A6A0810C02A8F /* [CP] Check Pods Manifest.lock */,
				614700F624E6B45E00C58F7A /* Sources */,
				614700F724E6B45E00C58F7A /* Frameworks */,
				614700F824E6B45E00C58F7A /* Resources */,
			);
			buildRules = (
			);
			dependencies = (
			);
			name = BDDFrameworkTutoriel;
			productName = BDDFrameworkTutoriel;
			productReference = 614700FA24E6B45E00C58F7A /* BDDFrameworkTutoriel.app */;
			productType = "com.apple.product-type.application";
		};
		6147010F24E6B46100C58F7A /* BDDFrameworkTutorielTests */ = {
			isa = PBXNativeTarget;
			buildConfigurationList = 6147012724E6B46100C58F7A /* Build configuration list for PBXNativeTarget "BDDFrameworkTutorielTests" */;
			buildPhases = (
				A99BD973CE6E943C4DB9F0F0 /* [CP] Check Pods Manifest.lock */,
				6147010C24E6B46100C58F7A /* Sources */,
				6147010D24E6B46100C58F7A /* Frameworks */,
				6147010E24E6B46100C58F7A /* Resources */,
				93AF912A85FAE541A04D439C /* [CP] Embed Pods Frameworks */,
			);
			buildRules = (
			);
			dependencies = (
				6147011224E6B46100C58F7A /* PBXTargetDependency */,
			);
			name = BDDFrameworkTutorielTests;
			productName = BDDFrameworkTutorielTests;
			productReference = 6147011024E6B46100C58F7A /* BDDFrameworkTutorielTests.xctest */;
			productType = "com.apple.product-type.bundle.unit-test";
		};
		6147011A24E6B46100C58F7A /* BDDFrameworkTutorielUITests */ = {
			isa = PBXNativeTarget;
			buildConfigurationList = 6147012A24E6B46100C58F7A /* Build configuration list for PBXNativeTarget "BDDFrameworkTutorielUITests" */;
			buildPhases = (
				E2C1771AD161FB5A2D9E7194 /* [CP] Check Pods Manifest.lock */,
				6147011724E6B46100C58F7A /* Sources */,
				6147011824E6B46100C58F7A /* Frameworks */,
				6147011924E6B46100C58F7A /* Resources */,
			);
			buildRules = (
			);
			dependencies = (
				6147011D24E6B46100C58F7A /* PBXTargetDependency */,
			);
			name = BDDFrameworkTutorielUITests;
			productName = BDDFrameworkTutorielUITests;
			productReference = 6147011B24E6B46100C58F7A /* BDDFrameworkTutorielUITests.xctest */;
			productType = "com.apple.product-type.bundle.ui-testing";
		};
/* End PBXNativeTarget section */

/* Begin PBXProject section */
		614700F224E6B45E00C58F7A /* Project object */ = {
			isa = PBXProject;
			attributes = {
				LastSwiftUpdateCheck = 1130;
				LastUpgradeCheck = 1130;
				ORGANIZATIONNAME = "mohamed  habib";
				TargetAttributes = {
					614700F924E6B45E00C58F7A = {
						CreatedOnToolsVersion = 11.3.1;
					};
					6147010F24E6B46100C58F7A = {
						CreatedOnToolsVersion = 11.3.1;
						TestTargetID = 614700F924E6B45E00C58F7A;
					};
					6147011A24E6B46100C58F7A = {
						CreatedOnToolsVersion = 11.3.1;
						TestTargetID = 614700F924E6B45E00C58F7A;
					};
				};
			};
			buildConfigurationList = 614700F524E6B45E00C58F7A /* Build configuration list for PBXProject "BDDFrameworkTutoriel" */;
			compatibilityVersion = "Xcode 9.3";
			developmentRegion = en;
			hasScannedForEncodings = 0;
			knownRegions = (
				en,
				Base,
			);
			mainGroup = 614700F124E6B45E00C58F7A;
			productRefGroup = 614700FB24E6B45E00C58F7A /* Products */;
			projectDirPath = "";
			projectRoot = "";
			targets = (
				614700F924E6B45E00C58F7A /* BDDFrameworkTutoriel */,
				6147010F24E6B46100C58F7A /* BDDFrameworkTutorielTests */,
				6147011A24E6B46100C58F7A /* BDDFrameworkTutorielUITests */,
			);
		};
/* End PBXProject section */

/* Begin PBXResourcesBuildPhase section */
		614700F824E6B45E00C58F7A /* Resources */ = {
			isa = PBXResourcesBuildPhase;
			buildActionMask = 2147483647;
			files = (
				6147010A24E6B46000C58F7A /* LaunchScreen.storyboard in Resources */,
				6147010724E6B46000C58F7A /* Assets.xcassets in Resources */,
				6147010524E6B45E00C58F7A /* Main.storyboard in Resources */,
			);
			runOnlyForDeploymentPostprocessing = 0;
		};
		6147010E24E6B46100C58F7A /* Resources */ = {
			isa = PBXResourcesBuildPhase;
			buildActionMask = 2147483647;
			files = (
			);
			runOnlyForDeploymentPostprocessing = 0;
		};
		6147011924E6B46100C58F7A /* Resources */ = {
			isa = PBXResourcesBuildPhase;
			buildActionMask = 2147483647;
			files = (
			);
			runOnlyForDeploymentPostprocessing = 0;
		};
/* End PBXResourcesBuildPhase section */

/* Begin PBXShellScriptBuildPhase section */
		8F9FF9DF445A6A0810C02A8F /* [CP] Check Pods Manifest.lock */ = {
			isa = PBXShellScriptBuildPhase;
			buildActionMask = 2147483647;
			files = (
			);
			inputFileListPaths = (
			);
			inputPaths = (
				"${PODS_PODFILE_DIR_PATH}/Podfile.lock",
				"${PODS_ROOT}/Manifest.lock",
			);
			name = "[CP] Check Pods Manifest.lock";
			outputFileListPaths = (
			);
			outputPaths = (
				"$(DERIVED_FILE_DIR)/Pods-BDDFrameworkTutoriel-checkManifestLockResult.txt",
			);
			runOnlyForDeploymentPostprocessing = 0;
			shellPath = /bin/sh;
			shellScript = "diff \"${PODS_PODFILE_DIR_PATH}/Podfile.lock\" \"${PODS_ROOT}/Manifest.lock\" > /dev/null\nif [ $? != 0 ] ; then\n    # print error to STDERR\n    echo \"error: The sandbox is not in sync with the Podfile.lock. Run 'pod install' or update your CocoaPods installation.\" >&2\n    exit 1\nfi\n# This output is used by Xcode 'outputs' to avoid re-running this script phase.\necho \"SUCCESS\" > \"${SCRIPT_OUTPUT_FILE_0}\"\n";
			showEnvVarsInLog = 0;
		};
		93AF912A85FAE541A04D439C /* [CP] Embed Pods Frameworks */ = {
			isa = PBXShellScriptBuildPhase;
			buildActionMask = 2147483647;
			files = (
			);
			inputFileListPaths = (
				"${PODS_ROOT}/Target Support Files/Pods-BDDFrameworkTutorielTests/Pods-BDDFrameworkTutorielTests-frameworks-${CONFIGURATION}-input-files.xcfilelist",
			);
			name = "[CP] Embed Pods Frameworks";
			outputFileListPaths = (
				"${PODS_ROOT}/Target Support Files/Pods-BDDFrameworkTutorielTests/Pods-BDDFrameworkTutorielTests-frameworks-${CONFIGURATION}-output-files.xcfilelist",
			);
			runOnlyForDeploymentPostprocessing = 0;
			shellPath = /bin/sh;
			shellScript = "\"${PODS_ROOT}/Target Support Files/Pods-BDDFrameworkTutorielTests/Pods-BDDFrameworkTutorielTests-frameworks.sh\"\n";
			showEnvVarsInLog = 0;
		};
		A99BD973CE6E943C4DB9F0F0 /* [CP] Check Pods Manifest.lock */ = {
			isa = PBXShellScriptBuildPhase;
			buildActionMask = 2147483647;
			files = (
			);
			inputFileListPaths = (
			);
			inputPaths = (
				"${PODS_PODFILE_DIR_PATH}/Podfile.lock",
				"${PODS_ROOT}/Manifest.lock",
			);
			name = "[CP] Check Pods Manifest.lock";
			outputFileListPaths = (
			);
			outputPaths = (
				"$(DERIVED_FILE_DIR)/Pods-BDDFrameworkTutorielTests-checkManifestLockResult.txt",
			);
			runOnlyForDeploymentPostprocessing = 0;
			shellPath = /bin/sh;
			shellScript = "diff \"${PODS_PODFILE_DIR_PATH}/Podfile.lock\" \"${PODS_ROOT}/Manifest.lock\" > /dev/null\nif [ $? != 0 ] ; then\n    # print error to STDERR\n    echo \"error: The sandbox is not in sync with the Podfile.lock. Run 'pod install' or update your CocoaPods installation.\" >&2\n    exit 1\nfi\n# This output is used by Xcode 'outputs' to avoid re-running this script phase.\necho \"SUCCESS\" > \"${SCRIPT_OUTPUT_FILE_0}\"\n";
			showEnvVarsInLog = 0;
		};
		E2C1771AD161FB5A2D9E7194 /* [CP] Check Pods Manifest.lock */ = {
			isa = PBXShellScriptBuildPhase;
			buildActionMask = 2147483647;
			files = (
			);
			inputFileListPaths = (
			);
			inputPaths = (
				"${PODS_PODFILE_DIR_PATH}/Podfile.lock",
				"${PODS_ROOT}/Manifest.lock",
			);
			name = "[CP] Check Pods Manifest.lock";
			outputFileListPaths = (
			);
			outputPaths = (
				"$(DERIVED_FILE_DIR)/Pods-BDDFrameworkTutoriel-BDDFrameworkTutorielUITests-checkManifestLockResult.txt",
			);
			runOnlyForDeploymentPostprocessing = 0;
			shellPath = /bin/sh;
			shellScript = "diff \"${PODS_PODFILE_DIR_PATH}/Podfile.lock\" \"${PODS_ROOT}/Manifest.lock\" > /dev/null\nif [ $? != 0 ] ; then\n    # print error to STDERR\n    echo \"error: The sandbox is not in sync with the Podfile.lock. Run 'pod install' or update your CocoaPods installation.\" >&2\n    exit 1\nfi\n# This output is used by Xcode 'outputs' to avoid re-running this script phase.\necho \"SUCCESS\" > \"${SCRIPT_OUTPUT_FILE_0}\"\n";
			showEnvVarsInLog = 0;
		};
/* End PBXShellScriptBuildPhase section */

/* Begin PBXSourcesBuildPhase section */
		614700F624E6B45E00C58F7A /* Sources */ = {
			isa = PBXSourcesBuildPhase;
			buildActionMask = 2147483647;
			files = (
				6147012E24E6B4A100C58F7A /* Player.swift in Sources */,
				6147010224E6B45E00C58F7A /* ViewController.swift in Sources */,
				614700FE24E6B45E00C58F7A /* AppDelegate.swift in Sources */,
				6147010024E6B45E00C58F7A /* SceneDelegate.swift in Sources */,
				6147013024E6B4C600C58F7A /* PlayerUpgrader.swift in Sources */,
			);
			runOnlyForDeploymentPostprocessing = 0;
		};
		6147010C24E6B46100C58F7A /* Sources */ = {
			isa = PBXSourcesBuildPhase;
			buildActionMask = 2147483647;
			files = (
				6147011524E6B46100C58F7A /* BDDFrameworkTutorielTests.swift in Sources */,
			);
			runOnlyForDeploymentPostprocessing = 0;
		};
		6147011724E6B46100C58F7A /* Sources */ = {
			isa = PBXSourcesBuildPhase;
			buildActionMask = 2147483647;
			files = (
				6147012024E6B46100C58F7A /* BDDFrameworkTutorielUITests.swift in Sources */,
			);
			runOnlyForDeploymentPostprocessing = 0;
		};
/* End PBXSourcesBuildPhase section */

/* Begin PBXTargetDependency section */
		6147011224E6B46100C58F7A /* PBXTargetDependency */ = {
			isa = PBXTargetDependency;
			target = 614700F924E6B45E00C58F7A /* BDDFrameworkTutoriel */;
			targetProxy = 6147011124E6B46100C58F7A /* PBXContainerItemProxy */;
		};
		6147011D24E6B46100C58F7A /* PBXTargetDependency */ = {
			isa = PBXTargetDependency;
			target = 614700F924E6B45E00C58F7A /* BDDFrameworkTutoriel */;
			targetProxy = 6147011C24E6B46100C58F7A /* PBXContainerItemProxy */;
		};
/* End PBXTargetDependency section */

/* Begin PBXVariantGroup section */
		6147010324E6B45E00C58F7A /* Main.storyboard */ = {
			isa = PBXVariantGroup;
			children = (
				6147010424E6B45E00C58F7A /* Base */,
			);
			name = Main.storyboard;
			sourceTree = "<group>";
		};
		6147010824E6B46000C58F7A /* LaunchScreen.storyboard */ = {
			isa = PBXVariantGroup;
			children = (
				6147010924E6B46000C58F7A /* Base */,
			);
			name = LaunchScreen.storyboard;
			sourceTree = "<group>";
		};
/* End PBXVariantGroup section */

/* Begin XCBuildConfiguration section */
		6147012224E6B46100C58F7A /* Debug */ = {
			isa = XCBuildConfiguration;
			buildSettings = {
				ALWAYS_SEARCH_USER_PATHS = NO;
				CLANG_ANALYZER_NONNULL = YES;
				CLANG_ANALYZER_NUMBER_OBJECT_CONVERSION = YES_AGGRESSIVE;
				CLANG_CXX_LANGUAGE_STANDARD = "gnu++14";
				CLANG_CXX_LIBRARY = "libc++";
				CLANG_ENABLE_MODULES = YES;
				CLANG_ENABLE_OBJC_ARC = YES;
				CLANG_ENABLE_OBJC_WEAK = YES;
				CLANG_WARN_BLOCK_CAPTURE_AUTORELEASING = YES;
				CLANG_WARN_BOOL_CONVERSION = YES;
				CLANG_WARN_COMMA = YES;
				CLANG_WARN_CONSTANT_CONVERSION = YES;
				CLANG_WARN_DEPRECATED_OBJC_IMPLEMENTATIONS = YES;
				CLANG_WARN_DIRECT_OBJC_ISA_USAGE = YES_ERROR;
				CLANG_WARN_DOCUMENTATION_COMMENTS = YES;
				CLANG_WARN_EMPTY_BODY = YES;
				CLANG_WARN_ENUM_CONVERSION = YES;
				CLANG_WARN_INFINITE_RECURSION = YES;
				CLANG_WARN_INT_CONVERSION = YES;
				CLANG_WARN_NON_LITERAL_NULL_CONVERSION = YES;
				CLANG_WARN_OBJC_IMPLICIT_RETAIN_SELF = YES;
				CLANG_WARN_OBJC_LITERAL_CONVERSION = YES;
				CLANG_WARN_OBJC_ROOT_CLASS = YES_ERROR;
				CLANG_WARN_RANGE_LOOP_ANALYSIS = YES;
				CLANG_WARN_STRICT_PROTOTYPES = YES;
				CLANG_WARN_SUSPICIOUS_MOVE = YES;
				CLANG_WARN_UNGUARDED_AVAILABILITY = YES_AGGRESSIVE;
				CLANG_WARN_UNREACHABLE_CODE = YES;
				CLANG_WARN__DUPLICATE_METHOD_MATCH = YES;
				COPY_PHASE_STRIP = NO;
				DEBUG_INFORMATION_FORMAT = dwarf;
				ENABLE_STRICT_OBJC_MSGSEND = YES;
				ENABLE_TESTABILITY = YES;
				GCC_C_LANGUAGE_STANDARD = gnu11;
				GCC_DYNAMIC_NO_PIC = NO;
				GCC_NO_COMMON_BLOCKS = YES;
				GCC_OPTIMIZATION_LEVEL = 0;
				GCC_PREPROCESSOR_DEFINITIONS = (
					"DEBUG=1",
					"$(inherited)",
				);
				GCC_WARN_64_TO_32_BIT_CONVERSION = YES;
				GCC_WARN_ABOUT_RETURN_TYPE = YES_ERROR;
				GCC_WARN_UNDECLARED_SELECTOR = YES;
				GCC_WARN_UNINITIALIZED_AUTOS = YES_AGGRESSIVE;
				GCC_WARN_UNUSED_FUNCTION = YES;
				GCC_WARN_UNUSED_VARIABLE = YES;
				IPHONEOS_DEPLOYMENT_TARGET = 13.2;
				MTL_ENABLE_DEBUG_INFO = INCLUDE_SOURCE;
				MTL_FAST_MATH = YES;
				ONLY_ACTIVE_ARCH = YES;
				SDKROOT = iphoneos;
				SWIFT_ACTIVE_COMPILATION_CONDITIONS = DEBUG;
				SWIFT_OPTIMIZATION_LEVEL = "-Onone";
			};
			name = Debug;
		};
		6147012324E6B46100C58F7A /* Release */ = {
			isa = XCBuildConfiguration;
			buildSettings = {
				ALWAYS_SEARCH_USER_PATHS = NO;
				CLANG_ANALYZER_NONNULL = YES;
				CLANG_ANALYZER_NUMBER_OBJECT_CONVERSION = YES_AGGRESSIVE;
				CLANG_CXX_LANGUAGE_STANDARD = "gnu++14";
				CLANG_CXX_LIBRARY = "libc++";
				CLANG_ENABLE_MODULES = YES;
				CLANG_ENABLE_OBJC_ARC = YES;
				CLANG_ENABLE_OBJC_WEAK = YES;
				CLANG_WARN_BLOCK_CAPTURE_AUTORELEASING = YES;
				CLANG_WARN_BOOL_CONVERSION = YES;
				CLANG_WARN_COMMA = YES;
				CLANG_WARN_CONSTANT_CONVERSION = YES;
				CLANG_WARN_DEPRECATED_OBJC_IMPLEMENTATIONS = YES;
				CLANG_WARN_DIRECT_OBJC_ISA_USAGE = YES_ERROR;
				CLANG_WARN_DOCUMENTATION_COMMENTS = YES;
				CLANG_WARN_EMPTY_BODY = YES;
				CLANG_WARN_ENUM_CONVERSION = YES;
				CLANG_WARN_INFINITE_RECURSION = YES;
				CLANG_WARN_INT_CONVERSION = YES;
				CLANG_WARN_NON_LITERAL_NULL_CONVERSION = YES;
				CLANG_WARN_OBJC_IMPLICIT_RETAIN_SELF = YES;
				CLANG_WARN_OBJC_LITERAL_CONVERSION = YES;
				CLANG_WARN_OBJC_ROOT_CLASS = YES_ERROR;
				CLANG_WARN_RANGE_LOOP_ANALYSIS = YES;
				CLANG_WARN_STRICT_PROTOTYPES = YES;
				CLANG_WARN_SUSPICIOUS_MOVE = YES;
				CLANG_WARN_UNGUARDED_AVAILABILITY = YES_AGGRESSIVE;
				CLANG_WARN_UNREACHABLE_CODE = YES;
				CLANG_WARN__DUPLICATE_METHOD_MATCH = YES;
				COPY_PHASE_STRIP = NO;
				DEBUG_INFORMATION_FORMAT = "dwarf-with-dsym";
				ENABLE_NS_ASSERTIONS = NO;
				ENABLE_STRICT_OBJC_MSGSEND = YES;
				GCC_C_LANGUAGE_STANDARD = gnu11;
				GCC_NO_COMMON_BLOCKS = YES;
				GCC_WARN_64_TO_32_BIT_CONVERSION = YES;
				GCC_WARN_ABOUT_RETURN_TYPE = YES_ERROR;
				GCC_WARN_UNDECLARED_SELECTOR = YES;
				GCC_WARN_UNINITIALIZED_AUTOS = YES_AGGRESSIVE;
				GCC_WARN_UNUSED_FUNCTION = YES;
				GCC_WARN_UNUSED_VARIABLE = YES;
				IPHONEOS_DEPLOYMENT_TARGET = 13.2;
				MTL_ENABLE_DEBUG_INFO = NO;
				MTL_FAST_MATH = YES;
				SDKROOT = iphoneos;
				SWIFT_COMPILATION_MODE = wholemodule;
				SWIFT_OPTIMIZATION_LEVEL = "-O";
				VALIDATE_PRODUCT = YES;
			};
			name = Release;
		};
		6147012524E6B46100C58F7A /* Debug */ = {
			isa = XCBuildConfiguration;
			baseConfigurationReference = 9DAE9B851A18FA6279F6EA23 /* Pods-BDDFrameworkTutoriel.debug.xcconfig */;
			buildSettings = {
				ASSETCATALOG_COMPILER_APPICON_NAME = AppIcon;
				CODE_SIGN_STYLE = Automatic;
				DEVELOPMENT_TEAM = W4M7279BBQ;
				INFOPLIST_FILE = BDDFrameworkTutoriel/Info.plist;
				LD_RUNPATH_SEARCH_PATHS = (
					"$(inherited)",
					"@executable_path/Frameworks",
				);
				PRODUCT_BUNDLE_IDENTIFIER = jaberi.BDDFrameworkTutoriel;
				PRODUCT_NAME = "$(TARGET_NAME)";
				SWIFT_VERSION = 5.0;
				TARGETED_DEVICE_FAMILY = "1,2";
			};
			name = Debug;
		};
		6147012624E6B46100C58F7A /* Release */ = {
			isa = XCBuildConfiguration;
			baseConfigurationReference = BE89160BD64E6E0F372FF433 /* Pods-BDDFrameworkTutoriel.release.xcconfig */;
			buildSettings = {
				ASSETCATALOG_COMPILER_APPICON_NAME = AppIcon;
				CODE_SIGN_STYLE = Automatic;
				DEVELOPMENT_TEAM = W4M7279BBQ;
				INFOPLIST_FILE = BDDFrameworkTutoriel/Info.plist;
				LD_RUNPATH_SEARCH_PATHS = (
					"$(inherited)",
					"@executable_path/Frameworks",
				);
				PRODUCT_BUNDLE_IDENTIFIER = jaberi.BDDFrameworkTutoriel;
				PRODUCT_NAME = "$(TARGET_NAME)";
				SWIFT_VERSION = 5.0;
				TARGETED_DEVICE_FAMILY = "1,2";
			};
			name = Release;
		};
		6147012824E6B46100C58F7A /* Debug */ = {
			isa = XCBuildConfiguration;
			baseConfigurationReference = F707E9439F6976C8AEA637AE /* Pods-BDDFrameworkTutorielTests.debug.xcconfig */;
			buildSettings = {
				ALWAYS_EMBED_SWIFT_STANDARD_LIBRARIES = YES;
				BUNDLE_LOADER = "$(TEST_HOST)";
				CODE_SIGN_STYLE = Automatic;
				DEVELOPMENT_TEAM = W4M7279BBQ;
				INFOPLIST_FILE = BDDFrameworkTutorielTests/Info.plist;
				IPHONEOS_DEPLOYMENT_TARGET = 13.2;
				LD_RUNPATH_SEARCH_PATHS = (
					"$(inherited)",
					"@executable_path/Frameworks",
					"@loader_path/Frameworks",
				);
				PRODUCT_BUNDLE_IDENTIFIER = jaberi.BDDFrameworkTutorielTests;
				PRODUCT_NAME = "$(TARGET_NAME)";
				SWIFT_VERSION = 5.0;
				TARGETED_DEVICE_FAMILY = "1,2";
				TEST_HOST = "$(BUILT_PRODUCTS_DIR)/BDDFrameworkTutoriel.app/BDDFrameworkTutoriel";
			};
			name = Debug;
		};
		6147012924E6B46100C58F7A /* Release */ = {
			isa = XCBuildConfiguration;
			baseConfigurationReference = 6505688DB62681CF99C2D282 /* Pods-BDDFrameworkTutorielTests.release.xcconfig */;
			buildSettings = {
				ALWAYS_EMBED_SWIFT_STANDARD_LIBRARIES = YES;
				BUNDLE_LOADER = "$(TEST_HOST)";
				CODE_SIGN_STYLE = Automatic;
				DEVELOPMENT_TEAM = W4M7279BBQ;
				INFOPLIST_FILE = BDDFrameworkTutorielTests/Info.plist;
				IPHONEOS_DEPLOYMENT_TARGET = 13.2;
				LD_RUNPATH_SEARCH_PATHS = (
					"$(inherited)",
					"@executable_path/Frameworks",
					"@loader_path/Frameworks",
				);
				PRODUCT_BUNDLE_IDENTIFIER = jaberi.BDDFrameworkTutorielTests;
				PRODUCT_NAME = "$(TARGET_NAME)";
				SWIFT_VERSION = 5.0;
				TARGETED_DEVICE_FAMILY = "1,2";
				TEST_HOST = "$(BUILT_PRODUCTS_DIR)/BDDFrameworkTutoriel.app/BDDFrameworkTutoriel";
			};
			name = Release;
		};
		6147012B24E6B46100C58F7A /* Debug */ = {
			isa = XCBuildConfiguration;
			baseConfigurationReference = 3B0FE66786F3B8C7C81D1C68 /* Pods-BDDFrameworkTutoriel-BDDFrameworkTutorielUITests.debug.xcconfig */;
			buildSettings = {
				ALWAYS_EMBED_SWIFT_STANDARD_LIBRARIES = YES;
				CODE_SIGN_STYLE = Automatic;
				DEVELOPMENT_TEAM = W4M7279BBQ;
				INFOPLIST_FILE = BDDFrameworkTutorielUITests/Info.plist;
				LD_RUNPATH_SEARCH_PATHS = (
					"$(inherited)",
					"@executable_path/Frameworks",
					"@loader_path/Frameworks",
				);
				PRODUCT_BUNDLE_IDENTIFIER = jaberi.BDDFrameworkTutorielUITests;
				PRODUCT_NAME = "$(TARGET_NAME)";
				SWIFT_VERSION = 5.0;
				TARGETED_DEVICE_FAMILY = "1,2";
				TEST_TARGET_NAME = BDDFrameworkTutoriel;
			};
			name = Debug;
		};
		6147012C24E6B46100C58F7A /* Release */ = {
			isa = XCBuildConfiguration;
			baseConfigurationReference = A91F5A7D2EC18E7D43E9E998 /* Pods-BDDFrameworkTutoriel-BDDFrameworkTutorielUITests.release.xcconfig */;
			buildSettings = {
				ALWAYS_EMBED_SWIFT_STANDARD_LIBRARIES = YES;
				CODE_SIGN_STYLE = Automatic;
				DEVELOPMENT_TEAM = W4M7279BBQ;
				INFOPLIST_FILE = BDDFrameworkTutorielUITests/Info.plist;
				LD_RUNPATH_SEARCH_PATHS = (
					"$(inherited)",
					"@executable_path/Frameworks",
					"@loader_path/Frameworks",
				);
				PRODUCT_BUNDLE_IDENTIFIER = jaberi.BDDFrameworkTutorielUITests;
				PRODUCT_NAME = "$(TARGET_NAME)";
				SWIFT_VERSION = 5.0;
				TARGETED_DEVICE_FAMILY = "1,2";
				TEST_TARGET_NAME = BDDFrameworkTutoriel;
			};
			name = Release;
		};
/* End XCBuildConfiguration section */

/* Begin XCConfigurationList section */
		614700F524E6B45E00C58F7A /* Build configuration list for PBXProject "BDDFrameworkTutoriel" */ = {
			isa = XCConfigurationList;
			buildConfigurations = (
				6147012224E6B46100C58F7A /* Debug */,
				6147012324E6B46100C58F7A /* Release */,
			);
			defaultConfigurationIsVisible = 0;
			defaultConfigurationName = Release;
		};
		6147012424E6B46100C58F7A /* Build configuration list for PBXNativeTarget "BDDFrameworkTutoriel" */ = {
			isa = XCConfigurationList;
			buildConfigurations = (
				6147012524E6B46100C58F7A /* Debug */,
				6147012624E6B46100C58F7A /* Release */,
			);
			defaultConfigurationIsVisible = 0;
			defaultConfigurationName = Release;
		};
		6147012724E6B46100C58F7A /* Build configuration list for PBXNativeTarget "BDDFrameworkTutorielTests" */ = {
			isa = XCConfigurationList;
			buildConfigurations = (
				6147012824E6B46100C58F7A /* Debug */,
				6147012924E6B46100C58F7A /* Release */,
			);
			defaultConfigurationIsVisible = 0;
			defaultConfigurationName = Release;
		};
		6147012A24E6B46100C58F7A /* Build configuration list for PBXNativeTarget "BDDFrameworkTutorielUITests" */ = {
			isa = XCConfigurationList;
			buildConfigurations = (
				6147012B24E6B46100C58F7A /* Debug */,
				6147012C24E6B46100C58F7A /* Release */,
			);
			defaultConfigurationIsVisible = 0;
			defaultConfigurationName = Release;
		};
/* End XCConfigurationList section */
	};
	rootObject = 614700F224E6B45E00C58F7A /* Project object */;
}
